
Microsoft Visual Studio Solution File, Format Version 12.00
# Visual Studio Version 16
VisualStudioVersion = 16.0.32929.386
MinimumVisualStudioVersion = 10.0.40219.1
Project("{FAE04EC0-301F-11D3-BF4B-00C04F79EFBC}") = "SendMessageTwilio", "SendMessageTwilio\SendMessageTwilio.csproj", "{88814186-2D32-44AA-A977-92DCE7EDEFA6}"
EndProject
Global
	GlobalSection(SolutionConfigurationPlatforms) = preSolution
		Debug|Any CPU = Debug|Any CPU
		Release|Any CPU = Release|Any CPU
	EndGlobalSection
	GlobalSection(ProjectConfigurationPlatforms) = postSolution
		{88814186-2D32-44AA-A977-92DCE7EDEFA6}.Debug|Any CPU.ActiveCfg = Debug|Any CPU
		{88814186-2D32-44AA-A977-92DCE7EDEFA6}.Debug|Any CPU.Build.0 = Debug|Any CPU
		{88814186-2D32-44AA-A977-92DCE7EDEFA6}.Release|Any CPU.ActiveCfg = Release|Any CPU
		{88814186-2D32-44AA-A977-92DCE7EDEFA6}.Release|Any CPU.Build.0 = Release|Any CPU
	EndGlobalSection
	GlobalSection(SolutionProperties) = preSolution
		HideSolutionNode = FALSE
	EndGlobalSection
	GlobalSection(ExtensibilityGlobals) = postSolution
		SolutionGuid = {C085E7DF-37CB-4CA9-9FAF-30F2BB2A4197}
	EndGlobalSection
EndGlobal
